
Microsoft Visual Studio Solution File, Format Version 12.00
# Visual Studio Version 16
VisualStudioVersion = 16.0.29424.173
MinimumVisualStudioVersion = 10.0.40219.1
Project("{FAE04EC0-301F-11D3-BF4B-00C04F79EFBC}") = "Ciff", "Ciff\Ciff.csproj", "{CCC10F45-A7EF-4284-9AA2-61431CBF3057}"
EndProject
Global
	GlobalSection(SolutionConfigurationPlatforms) = preSolution
		Debug|Any CPU = Debug|Any CPU
		Release|Any CPU = Release|Any CPU
	EndGlobalSection
	GlobalSection(ProjectConfigurationPlatforms) = postSolution
		{CCC10F45-A7EF-4284-9AA2-61431CBF3057}.Debug|Any CPU.ActiveCfg = Debug|Any CPU
		{CCC10F45-A7EF-4284-9AA2-61431CBF3057}.Debug|Any CPU.Build.0 = Debug|Any CPU
		{CCC10F45-A7EF-4284-9AA2-61431CBF3057}.Release|Any CPU.ActiveCfg = Release|Any CPU
		{CCC10F45-A7EF-4284-9AA2-61431CBF3057}.Release|Any CPU.Build.0 = Release|Any CPU
	EndGlobalSection
	GlobalSection(SolutionProperties) = preSolution
		HideSolutionNode = FALSE
	EndGlobalSection
	GlobalSection(ExtensibilityGlobals) = postSolution
		SolutionGuid = {4A552D94-25C0-4AAB-93BA-779A11CF1A03}
	EndGlobalSection
EndGlobal
